
Microsoft Visual Studio Solution File, Format Version 12.00
# Visual Studio 14
VisualStudioVersion = 14.0.25420.1
MinimumVisualStudioVersion = 10.0.40219.1
Project("{FAE04EC0-301F-11D3-BF4B-00C04F79EFBC}") = "MyStorySite", "MyStorySite\MyStorySite.csproj", "{45D0A1C6-11D1-4CDF-A779-B7C0F182C1AA}"
EndProject
Project("{FAE04EC0-301F-11D3-BF4B-00C04F79EFBC}") = "MyStorySite.Tests", "MyStorySite.Tests\MyStorySite.Tests.csproj", "{4E63B14D-F82E-4802-8BE3-C0CA2B67268F}"
EndProject
Global
	GlobalSection(SolutionConfigurationPlatforms) = preSolution
		Debug|Any CPU = Debug|Any CPU
		Release|Any CPU = Release|Any CPU
	EndGlobalSection
	GlobalSection(ProjectConfigurationPlatforms) = postSolution
		{45D0A1C6-11D1-4CDF-A779-B7C0F182C1AA}.Debug|Any CPU.ActiveCfg = Debug|Any CPU
		{45D0A1C6-11D1-4CDF-A779-B7C0F182C1AA}.Debug|Any CPU.Build.0 = Debug|Any CPU
		{45D0A1C6-11D1-4CDF-A779-B7C0F182C1AA}.Release|Any CPU.ActiveCfg = Release|Any CPU
		{45D0A1C6-11D1-4CDF-A779-B7C0F182C1AA}.Release|Any CPU.Build.0 = Release|Any CPU
		{4E63B14D-F82E-4802-8BE3-C0CA2B67268F}.Debug|Any CPU.ActiveCfg = Debug|Any CPU
		{4E63B14D-F82E-4802-8BE3-C0CA2B67268F}.Debug|Any CPU.Build.0 = Debug|Any CPU
		{4E63B14D-F82E-4802-8BE3-C0CA2B67268F}.Release|Any CPU.ActiveCfg = Release|Any CPU
		{4E63B14D-F82E-4802-8BE3-C0CA2B67268F}.Release|Any CPU.Build.0 = Release|Any CPU
	EndGlobalSection
	GlobalSection(SolutionProperties) = preSolution
		HideSolutionNode = FALSE
	EndGlobalSection
EndGlobal
